
Microsoft Visual Studio Solution File, Format Version 12.00
# Visual Studio Version 17
VisualStudioVersion = 17.0.31903.59
MinimumVisualStudioVersion = 10.0.40219.1
Project("{FAE04EC0-301F-11D3-BF4B-00C04F79EFBC}") = "CuerpoSano.Domain", "CuerpoSano.Domain\CuerpoSano.Domain.csproj", "{C40F9B47-F660-4DBE-9360-8B7A47CB86D1}"
EndProject
Project("{FAE04EC0-301F-11D3-BF4B-00C04F79EFBC}") = "CuerpoSano.Application", "CuerpoSano.Application\CuerpoSano.Application.csproj", "{D122D466-A0A4-423C-96F7-9D2DCF58C89E}"
EndProject
Project("{FAE04EC0-301F-11D3-BF4B-00C04F79EFBC}") = "CuerpoSano.Infrastructure", "CuerpoSano.Infrastructure\CuerpoSano.Infrastructure.csproj", "{32335511-F4A1-4097-8185-A13A0EC11E48}"
EndProject
Project("{FAE04EC0-301F-11D3-BF4B-00C04F79EFBC}") = "CuerpoSano.WebApi", "CuerpoSano.WebApi\CuerpoSano.WebApi.csproj", "{4CB14D26-07C3-4939-9A0F-264A273D5B51}"
EndProject
Global
	GlobalSection(SolutionConfigurationPlatforms) = preSolution
		Debug|Any CPU = Debug|Any CPU
		Debug|x64 = Debug|x64
		Debug|x86 = Debug|x86
		Release|Any CPU = Release|Any CPU
		Release|x64 = Release|x64
		Release|x86 = Release|x86
	EndGlobalSection
	GlobalSection(ProjectConfigurationPlatforms) = postSolution
		{C40F9B47-F660-4DBE-9360-8B7A47CB86D1}.Debug|Any CPU.ActiveCfg = Debug|Any CPU
		{C40F9B47-F660-4DBE-9360-8B7A47CB86D1}.Debug|Any CPU.Build.0 = Debug|Any CPU
		{C40F9B47-F660-4DBE-9360-8B7A47CB86D1}.Debug|x64.ActiveCfg = Debug|Any CPU
		{C40F9B47-F660-4DBE-9360-8B7A47CB86D1}.Debug|x64.Build.0 = Debug|Any CPU
		{C40F9B47-F660-4DBE-9360-8B7A47CB86D1}.Debug|x86.ActiveCfg = Debug|Any CPU
		{C40F9B47-F660-4DBE-9360-8B7A47CB86D1}.Debug|x86.Build.0 = Debug|Any CPU
		{C40F9B47-F660-4DBE-9360-8B7A47CB86D1}.Release|Any CPU.ActiveCfg = Release|Any CPU
		{C40F9B47-F660-4DBE-9360-8B7A47CB86D1}.Release|Any CPU.Build.0 = Release|Any CPU
		{C40F9B47-F660-4DBE-9360-8B7A47CB86D1}.Release|x64.ActiveCfg = Release|Any CPU
		{C40F9B47-F660-4DBE-9360-8B7A47CB86D1}.Release|x64.Build.0 = Release|Any CPU
		{C40F9B47-F660-4DBE-9360-8B7A47CB86D1}.Release|x86.ActiveCfg = Release|Any CPU
		{C40F9B47-F660-4DBE-9360-8B7A47CB86D1}.Release|x86.Build.0 = Release|Any CPU
		{D122D466-A0A4-423C-96F7-9D2DCF58C89E}.Debug|Any CPU.ActiveCfg = Debug|Any CPU
		{D122D466-A0A4-423C-96F7-9D2DCF58C89E}.Debug|Any CPU.Build.0 = Debug|Any CPU
		{D122D466-A0A4-423C-96F7-9D2DCF58C89E}.Debug|x64.ActiveCfg = Debug|Any CPU
		{D122D466-A0A4-423C-96F7-9D2DCF58C89E}.Debug|x64.Build.0 = Debug|Any CPU
		{D122D466-A0A4-423C-96F7-9D2DCF58C89E}.Debug|x86.ActiveCfg = Debug|Any CPU
		{D122D466-A0A4-423C-96F7-9D2DCF58C89E}.Debug|x86.Build.0 = Debug|Any CPU
		{D122D466-A0A4-423C-96F7-9D2DCF58C89E}.Release|Any CPU.ActiveCfg = Release|Any CPU
		{D122D466-A0A4-423C-96F7-9D2DCF58C89E}.Release|Any CPU.Build.0 = Release|Any CPU
		{D122D466-A0A4-423C-96F7-9D2DCF58C89E}.Release|x64.ActiveCfg = Release|Any CPU
		{D122D466-A0A4-423C-96F7-9D2DCF58C89E}.Release|x64.Build.0 = Release|Any CPU
		{D122D466-A0A4-423C-96F7-9D2DCF58C89E}.Release|x86.ActiveCfg = Release|Any CPU
		{D122D466-A0A4-423C-96F7-9D2DCF58C89E}.Release|x86.Build.0 = Release|Any CPU
		{32335511-F4A1-4097-8185-A13A0EC11E48}.Debug|Any CPU.ActiveCfg = Debug|Any CPU
		{32335511-F4A1-4097-8185-A13A0EC11E48}.Debug|Any CPU.Build.0 = Debug|Any CPU
		{32335511-F4A1-4097-8185-A13A0EC11E48}.Debug|x64.ActiveCfg = Debug|Any CPU
		{32335511-F4A1-4097-8185-A13A0EC11E48}.Debug|x64.Build.0 = Debug|Any CPU
		{32335511-F4A1-4097-8185-A13A0EC11E48}.Debug|x86.ActiveCfg = Debug|Any CPU
		{32335511-F4A1-4097-8185-A13A0EC11E48}.Debug|x86.Build.0 = Debug|Any CPU
		{32335511-F4A1-4097-8185-A13A0EC11E48}.Release|Any CPU.ActiveCfg = Release|Any CPU
		{32335511-F4A1-4097-8185-A13A0EC11E48}.Release|Any CPU.Build.0 = Release|Any CPU
		{32335511-F4A1-4097-8185-A13A0EC11E48}.Release|x64.ActiveCfg = Release|Any CPU
		{32335511-F4A1-4097-8185-A13A0EC11E48}.Release|x64.Build.0 = Release|Any CPU
		{32335511-F4A1-4097-8185-A13A0EC11E48}.Release|x86.ActiveCfg = Release|Any CPU
		{32335511-F4A1-4097-8185-A13A0EC11E48}.Release|x86.Build.0 = Release|Any CPU
		{4CB14D26-07C3-4939-9A0F-264A273D5B51}.Debug|Any CPU.ActiveCfg = Debug|Any CPU
		{4CB14D26-07C3-4939-9A0F-264A273D5B51}.Debug|Any CPU.Build.0 = Debug|Any CPU
		{4CB14D26-07C3-4939-9A0F-264A273D5B51}.Debug|x64.ActiveCfg = Debug|Any CPU
		{4CB14D26-07C3-4939-9A0F-264A273D5B51}.Debug|x64.Build.0 = Debug|Any CPU
		{4CB14D26-07C3-4939-9A0F-264A273D5B51}.Debug|x86.ActiveCfg = Debug|Any CPU
		{4CB14D26-07C3-4939-9A0F-264A273D5B51}.Debug|x86.Build.0 = Debug|Any CPU
		{4CB14D26-07C3-4939-9A0F-264A273D5B51}.Release|Any CPU.ActiveCfg = Release|Any CPU
		{4CB14D26-07C3-4939-9A0F-264A273D5B51}.Release|Any CPU.Build.0 = Release|Any CPU
		{4CB14D26-07C3-4939-9A0F-264A273D5B51}.Release|x64.ActiveCfg = Release|Any CPU
		{4CB14D26-07C3-4939-9A0F-264A273D5B51}.Release|x64.Build.0 = Release|Any CPU
		{4CB14D26-07C3-4939-9A0F-264A273D5B51}.Release|x86.ActiveCfg = Release|Any CPU
		{4CB14D26-07C3-4939-9A0F-264A273D5B51}.Release|x86.Build.0 = Release|Any CPU
	EndGlobalSection
	GlobalSection(SolutionProperties) = preSolution
		HideSolutionNode = FALSE
	EndGlobalSection
EndGlobal
